{
  "name": "ai",
  "version": "1.0.0",
  "lockfileVersion": 3,
  "requires": true,
  "packages": {
    "": {
      "name": "ai",
      "version": "1.0.0",
      "license": "MIT",
      "devDependencies": {
        "@capacitor/android": "^5.0.4"
      }
    },
    "node_modules/@capacitor/android": {
      "version": "5.0.4",
      "resolved": "https://registry.npmjs.org/@capacitor/android/-/android-5.0.4.tgz",
      "integrity": "sha512-WtXmjRQ0bCtFkwBID/jVEPbqnh0uR9wTSgkW7QNzogDuA0iyJJI2nxDfT9knUmg6mne/CnfTXg093zzdc13C0w==",
      "dev": true,
      "peerDependencies": {
        "@capacitor/core": "^5.0.0"
      }
    },
    "node_modules/@capacitor/core": {
      "version": "5.0.4",
      "resolved": "https://registry.npmjs.org/@capacitor/core/-/core-5.0.4.tgz",
      "integrity": "sha512-BFvziz9jM87pLHW2sXPNIzwrdmI5mAP0tBsBHgXoCO2+wVdpvIMYCpcst5BuTULaMz5JBFZZ6g6nqwgfs+SMCA==",
      "dev": true,
      "peer": true,
      "dependencies": {
        "tslib": "^2.1.0"
      }
    },
    "node_modules/tslib": {
      "version": "2.5.3",
      "resolved": "https://registry.npmjs.org/tslib/-/tslib-2.5.3.tgz",
      "integrity": "sha512-mSxlJJwl3BMEQCUNnxXBU9jP4JBktcEGhURcPR6VQVlnP0FdDEsIaz0C35dXNGLyRfrATNofF0F5p2KPxQgB+w==",
      "dev": true,
      "peer": true
    }
  }
}
